
Microsoft Visual Studio Solution File, Format Version 12.00
# Visual Studio Version 17
VisualStudioVersion = 17.9.34622.214
MinimumVisualStudioVersion = 10.0.40219.1
Project("{FAE04EC0-301F-11D3-BF4B-00C04F79EFBC}") = "Typo", "Typo\Typo.csproj", "{24789E13-9B17-409C-A2A7-18138BA37BE1}"
EndProject
Global
	GlobalSection(SolutionConfigurationPlatforms) = preSolution
		Debug|Any CPU = Debug|Any CPU
		Release|Any CPU = Release|Any CPU
	EndGlobalSection
	GlobalSection(ProjectConfigurationPlatforms) = postSolution
		{24789E13-9B17-409C-A2A7-18138BA37BE1}.Debug|Any CPU.ActiveCfg = Debug|Any CPU
		{24789E13-9B17-409C-A2A7-18138BA37BE1}.Debug|Any CPU.Build.0 = Debug|Any CPU
		{24789E13-9B17-409C-A2A7-18138BA37BE1}.Release|Any CPU.ActiveCfg = Release|Any CPU
		{24789E13-9B17-409C-A2A7-18138BA37BE1}.Release|Any CPU.Build.0 = Release|Any CPU
	EndGlobalSection
	GlobalSection(SolutionProperties) = preSolution
		HideSolutionNode = FALSE
	EndGlobalSection
	GlobalSection(ExtensibilityGlobals) = postSolution
		SolutionGuid = {9ADA6A21-7922-45EA-8697-D7CFC8493243}
	EndGlobalSection
EndGlobal
