
Microsoft Visual Studio Solution File, Format Version 12.00
# Visual Studio Version 17
VisualStudioVersion = 17.9.34622.214
MinimumVisualStudioVersion = 10.0.40219.1
Project("{9A19103F-16F7-4668-BE54-9A1E7A4F7556}") = "ThreeOrFive", "ThreeOrFive\ThreeOrFive.csproj", "{0CED2086-7C52-446A-B166-E572728595BD}"
EndProject
Project("{9A19103F-16F7-4668-BE54-9A1E7A4F7556}") = "ReverseWords", "ReverseWords\ReverseWords.csproj", "{2B2D151B-CF0E-45FF-84C3-6A41A768C816}"
EndProject
Project("{9A19103F-16F7-4668-BE54-9A1E7A4F7556}") = "Broken Photocopier", "Broken Photocopier\Broken Photocopier.csproj", "{494CC3C5-DB84-4585-9A71-C174F39A7D9B}"
EndProject
Project("{9A19103F-16F7-4668-BE54-9A1E7A4F7556}") = "GiftCode", "GiftCode\GiftCode.csproj", "{759E3B4A-4191-449F-9D71-7221350779B3}"
EndProject
Project("{9A19103F-16F7-4668-BE54-9A1E7A4F7556}") = "ReplaceWithAlphabetPosition", "ReplaceWithAlphabetPosition\ReplaceWithAlphabetPosition.csproj", "{4AFE2F66-84EE-45E9-A7B4-3DBB6BDF9E88}"
EndProject
Project("{9A19103F-16F7-4668-BE54-9A1E7A4F7556}") = "CreditCardMask", "Credit Card Mask\CreditCardMask.csproj", "{FFDE0BF0-8361-44F6-9658-8CAA6B5B0767}"
EndProject
Project("{FAE04EC0-301F-11D3-BF4B-00C04F79EFBC}") = "ListFiltering", "ListFiltering\ListFiltering.csproj", "{1305CF34-7337-4B3E-A4BD-E2D258C1091D}"
EndProject
Project("{FAE04EC0-301F-11D3-BF4B-00C04F79EFBC}") = "LuxuriousHouse", "LuxuriousHouse\LuxuriousHouse.csproj", "{4D8C8133-6195-4BA5-846E-9B54ED661AA7}"
EndProject
Global
	GlobalSection(SolutionConfigurationPlatforms) = preSolution
		Debug|Any CPU = Debug|Any CPU
		Release|Any CPU = Release|Any CPU
	EndGlobalSection
	GlobalSection(ProjectConfigurationPlatforms) = postSolution
		{0CED2086-7C52-446A-B166-E572728595BD}.Debug|Any CPU.ActiveCfg = Debug|Any CPU
		{0CED2086-7C52-446A-B166-E572728595BD}.Debug|Any CPU.Build.0 = Debug|Any CPU
		{0CED2086-7C52-446A-B166-E572728595BD}.Release|Any CPU.ActiveCfg = Release|Any CPU
		{0CED2086-7C52-446A-B166-E572728595BD}.Release|Any CPU.Build.0 = Release|Any CPU
		{2B2D151B-CF0E-45FF-84C3-6A41A768C816}.Debug|Any CPU.ActiveCfg = Debug|Any CPU
		{2B2D151B-CF0E-45FF-84C3-6A41A768C816}.Debug|Any CPU.Build.0 = Debug|Any CPU
		{2B2D151B-CF0E-45FF-84C3-6A41A768C816}.Release|Any CPU.ActiveCfg = Release|Any CPU
		{2B2D151B-CF0E-45FF-84C3-6A41A768C816}.Release|Any CPU.Build.0 = Release|Any CPU
		{494CC3C5-DB84-4585-9A71-C174F39A7D9B}.Debug|Any CPU.ActiveCfg = Debug|Any CPU
		{494CC3C5-DB84-4585-9A71-C174F39A7D9B}.Debug|Any CPU.Build.0 = Debug|Any CPU
		{494CC3C5-DB84-4585-9A71-C174F39A7D9B}.Release|Any CPU.ActiveCfg = Release|Any CPU
		{494CC3C5-DB84-4585-9A71-C174F39A7D9B}.Release|Any CPU.Build.0 = Release|Any CPU
		{759E3B4A-4191-449F-9D71-7221350779B3}.Debug|Any CPU.ActiveCfg = Debug|Any CPU
		{759E3B4A-4191-449F-9D71-7221350779B3}.Debug|Any CPU.Build.0 = Debug|Any CPU
		{759E3B4A-4191-449F-9D71-7221350779B3}.Release|Any CPU.ActiveCfg = Release|Any CPU
		{759E3B4A-4191-449F-9D71-7221350779B3}.Release|Any CPU.Build.0 = Release|Any CPU
		{4AFE2F66-84EE-45E9-A7B4-3DBB6BDF9E88}.Debug|Any CPU.ActiveCfg = Debug|Any CPU
		{4AFE2F66-84EE-45E9-A7B4-3DBB6BDF9E88}.Debug|Any CPU.Build.0 = Debug|Any CPU
		{4AFE2F66-84EE-45E9-A7B4-3DBB6BDF9E88}.Release|Any CPU.ActiveCfg = Release|Any CPU
		{4AFE2F66-84EE-45E9-A7B4-3DBB6BDF9E88}.Release|Any CPU.Build.0 = Release|Any CPU
		{FFDE0BF0-8361-44F6-9658-8CAA6B5B0767}.Debug|Any CPU.ActiveCfg = Debug|Any CPU
		{FFDE0BF0-8361-44F6-9658-8CAA6B5B0767}.Debug|Any CPU.Build.0 = Debug|Any CPU
		{FFDE0BF0-8361-44F6-9658-8CAA6B5B0767}.Release|Any CPU.ActiveCfg = Release|Any CPU
		{FFDE0BF0-8361-44F6-9658-8CAA6B5B0767}.Release|Any CPU.Build.0 = Release|Any CPU
		{1305CF34-7337-4B3E-A4BD-E2D258C1091D}.Debug|Any CPU.ActiveCfg = Debug|Any CPU
		{1305CF34-7337-4B3E-A4BD-E2D258C1091D}.Debug|Any CPU.Build.0 = Debug|Any CPU
		{1305CF34-7337-4B3E-A4BD-E2D258C1091D}.Release|Any CPU.ActiveCfg = Release|Any CPU
		{1305CF34-7337-4B3E-A4BD-E2D258C1091D}.Release|Any CPU.Build.0 = Release|Any CPU
		{4D8C8133-6195-4BA5-846E-9B54ED661AA7}.Debug|Any CPU.ActiveCfg = Debug|Any CPU
		{4D8C8133-6195-4BA5-846E-9B54ED661AA7}.Debug|Any CPU.Build.0 = Debug|Any CPU
		{4D8C8133-6195-4BA5-846E-9B54ED661AA7}.Release|Any CPU.ActiveCfg = Release|Any CPU
		{4D8C8133-6195-4BA5-846E-9B54ED661AA7}.Release|Any CPU.Build.0 = Release|Any CPU
	EndGlobalSection
	GlobalSection(SolutionProperties) = preSolution
		HideSolutionNode = FALSE
	EndGlobalSection
	GlobalSection(ExtensibilityGlobals) = postSolution
		SolutionGuid = {9A441AF5-3C08-4E6E-A2B3-446A07BC0D13}
	EndGlobalSection
EndGlobal
